# THIS IS AN AUTOGENERATED FILE. DO NOT EDIT THIS FILE DIRECTLY.
# yarn lockfile v1


"@babel/runtime@^7.10.2":
  version "7.22.5"
  resolved "https://registry.yarnpkg.com/@babel/runtime/-/runtime-7.22.5.tgz#8564dd588182ce0047d55d7a75e93921107b57ec"
  integrity sha512-ecjvYlnAaZ/KVneE/OdKYBYfgXV3Ptu6zQWmgEF7vwKhQnvVS6bjMD2XYgj+SNvQ1GfK/pjgokfPkC/2CO8CuA==
  dependencies:
    regenerator-runtime "^0.13.11"

didyoumean2@^5.0.0:
  version "5.0.0"
  resolved "https://registry.yarnpkg.com/didyoumean2/-/didyoumean2-5.0.0.tgz#84cc03b42f1b04beff13f3f69edca2a0daf3e998"
  integrity sha512-Plha9WCF08aSGB39IsOhlk0AHecwcXtq/gMbHgylRNEv7JV3lnlt7akfdax7mnUHndEuuh57CmBaKSSXns7+YA==
  dependencies:
    "@babel/runtime" "^7.10.2"
    fastest-levenshtein "^1.0.12"
    lodash.deburr "^4.1.0"

fastest-levenshtein@^1.0.12:
  version "1.0.16"
  resolved "https://registry.yarnpkg.com/fastest-levenshtein/-/fastest-levenshtein-1.0.16.tgz#210e61b6ff181de91ea9b3d1b84fdedd47e034e5"
  integrity sha512-eRnCtTTtGZFpQCwhJiUOuxPQWRXVKYDn0b2PeHfXL6/Zi53SLAzAHfVhVWK2AryC/WH05kGfxhFIPvTF0SXQzg==

lodash.deburr@^4.1.0:
  version "4.1.0"
  resolved "https://registry.yarnpkg.com/lodash.deburr/-/lodash.deburr-4.1.0.tgz#ddb1bbb3ef07458c0177ba07de14422cb033ff9b"
  integrity sha512-m/M1U1f3ddMCs6Hq2tAsYThTBDaAKFDX3dwDo97GEYzamXi9SqUpjWi/Rrj/gf3X2n8ktwgZrlP1z6E3v/IExQ==

regenerator-runtime@^0.13.11:
  version "0.13.11"
  resolved "https://registry.yarnpkg.com/regenerator-runtime/-/regenerator-runtime-0.13.11.tgz#f6dca3e7ceec20590d07ada785636a90cdca17f9"
  integrity sha512-kY1AZVr2Ra+t+piVaJ4gxaFaReZVH40AKNo7UCX6W+dEwBo/2oZJzqfuN1qLq1oL45o56cPaTXELwrTh8Fpggg==
